// !$*UTF8*$!
{
	archiveVersion = 1;
	classes = {
	};
	objectVersion = 50;
	objects = {

/* Begin PBXBuildFile section */
		5EAC70DD4838BD725651BF2A /* Pods_MVVM_Arc.framework in Frameworks */ = {isa = PBXBuildFile; fileRef = 09F0CC99D4570AF19C2D1B75 /* Pods_MVVM_Arc.framework */; };
		79075C4C24F7B1B3002ECC98 /* ProfileViewVMProtocol.swift in Sources */ = {isa = PBXBuildFile; fileRef = 79075C4B24F7B1B2002ECC98 /* ProfileViewVMProtocol.swift */; };
		79075C4E24F7B1DC002ECC98 /* ProfileTableViewCellVMProtocol.swift in Sources */ = {isa = PBXBuildFile; fileRef = 79075C4D24F7B1DC002ECC98 /* ProfileTableViewCellVMProtocol.swift */; };
		7952F5E524F6D3A00084BE21 /* AppDelegate.swift in Sources */ = {isa = PBXBuildFile; fileRef = 7952F5E424F6D3A00084BE21 /* AppDelegate.swift */; };
		7952F5E924F6D3A00084BE21 /* ProfileViewController.swift in Sources */ = {isa = PBXBuildFile; fileRef = 7952F5E824F6D3A00084BE21 /* ProfileViewController.swift */; };
		7952F5F024F6D3A30084BE21 /* Assets.xcassets in Resources */ = {isa = PBXBuildFile; fileRef = 7952F5EF24F6D3A30084BE21 /* Assets.xcassets */; };
		7952F5F324F6D3A30084BE21 /* LaunchScreen.storyboard in Resources */ = {isa = PBXBuildFile; fileRef = 7952F5F124F6D3A30084BE21 /* LaunchScreen.storyboard */; };
		798ED6EE24F706F6007CAC66 /* Profile.swift in Sources */ = {isa = PBXBuildFile; fileRef = 798ED6ED24F706F6007CAC66 /* Profile.swift */; };
		798ED6F124F707F2007CAC66 /* ProfileViewVM.swift in Sources */ = {isa = PBXBuildFile; fileRef = 798ED6F024F707F2007CAC66 /* ProfileViewVM.swift */; };
		798ED6F324F70806007CAC66 /* ProfileTableViewCellVM.swift in Sources */ = {isa = PBXBuildFile; fileRef = 798ED6F224F70806007CAC66 /* ProfileTableViewCellVM.swift */; };
		79CE1BB024F701F200787B24 /* ProfileViewController.xib in Resources */ = {isa = PBXBuildFile; fileRef = 79CE1BAF24F701F200787B24 /* ProfileViewController.xib */; };
		79CE1BB324F702C400787B24 /* ProfileTableViewCell.swift in Sources */ = {isa = PBXBuildFile; fileRef = 79CE1BB224F702C400787B24 /* ProfileTableViewCell.swift */; };
		79CE1BB524F702E000787B24 /* ProfileTableViewCell.xib in Resources */ = {isa = PBXBuildFile; fileRef = 79CE1BB424F702E000787B24 /* ProfileTableViewCell.xib */; };
/* End PBXBuildFile section */

/* Begin PBXFileReference section */
		09F0CC99D4570AF19C2D1B75 /* Pods_MVVM_Arc.framework */ = {isa = PBXFileReference; explicitFileType = wrapper.framework; includeInIndex = 0; path = Pods_MVVM_Arc.framework; sourceTree = BUILT_PRODUCTS_DIR; };
		3773CD0A67F79F8C5D35C9E3 /* Pods-My First MVVM.release.xcconfig */ = {isa = PBXFileReference; includeInIndex = 1; lastKnownFileType = text.xcconfig; name = "Pods-My First MVVM.release.xcconfig"; path = "Target Support Files/Pods-My First MVVM/Pods-My First MVVM.release.xcconfig"; sourceTree = "<group>"; };
		6EF2869B0AE12E3349CC6C51 /* Pods-MVVM Arc.release.xcconfig */ = {isa = PBXFileReference; includeInIndex = 1; lastKnownFileType = text.xcconfig; name = "Pods-MVVM Arc.release.xcconfig"; path = "Target Support Files/Pods-MVVM Arc/Pods-MVVM Arc.release.xcconfig"; sourceTree = "<group>"; };
		79075C4B24F7B1B2002ECC98 /* ProfileViewVMProtocol.swift */ = {isa = PBXFileReference; lastKnownFileType = sourcecode.swift; path = ProfileViewVMProtocol.swift; sourceTree = "<group>"; };
		79075C4D24F7B1DC002ECC98 /* ProfileTableViewCellVMProtocol.swift */ = {isa = PBXFileReference; lastKnownFileType = sourcecode.swift; path = ProfileTableViewCellVMProtocol.swift; sourceTree = "<group>"; };
		7932792924F7D255003A0562 /* README.md */ = {isa = PBXFileReference; lastKnownFileType = net.daringfireball.markdown; path = README.md; sourceTree = "<group>"; };
		7952F5E124F6D3A00084BE21 /* MVVM Arc.app */ = {isa = PBXFileReference; explicitFileType = wrapper.application; includeInIndex = 0; path = "MVVM Arc.app"; sourceTree = BUILT_PRODUCTS_DIR; };
		7952F5E424F6D3A00084BE21 /* AppDelegate.swift */ = {isa = PBXFileReference; lastKnownFileType = sourcecode.swift; path = AppDelegate.swift; sourceTree = "<group>"; };
		7952F5E824F6D3A00084BE21 /* ProfileViewController.swift */ = {isa = PBXFileReference; lastKnownFileType = sourcecode.swift; path = ProfileViewController.swift; sourceTree = "<group>"; };
		7952F5EF24F6D3A30084BE21 /* Assets.xcassets */ = {isa = PBXFileReference; lastKnownFileType = folder.assetcatalog; path = Assets.xcassets; sourceTree = "<group>"; };
		7952F5F224F6D3A30084BE21 /* Base */ = {isa = PBXFileReference; lastKnownFileType = file.storyboard; name = Base; path = Base.lproj/LaunchScreen.storyboard; sourceTree = "<group>"; };
		7952F5F424F6D3A30084BE21 /* Info.plist */ = {isa = PBXFileReference; lastKnownFileType = text.plist.xml; path = Info.plist; sourceTree = "<group>"; };
		798ED6ED24F706F6007CAC66 /* Profile.swift */ = {isa = PBXFileReference; lastKnownFileType = sourcecode.swift; path = Profile.swift; sourceTree = "<group>"; };
		798ED6F024F707F2007CAC66 /* ProfileViewVM.swift */ = {isa = PBXFileReference; lastKnownFileType = sourcecode.swift; path = ProfileViewVM.swift; sourceTree = "<group>"; };
		798ED6F224F70806007CAC66 /* ProfileTableViewCellVM.swift */ = {isa = PBXFileReference; lastKnownFileType = sourcecode.swift; path = ProfileTableViewCellVM.swift; sourceTree = "<group>"; };
		79CE1BAF24F701F200787B24 /* ProfileViewController.xib */ = {isa = PBXFileReference; lastKnownFileType = file.xib; path = ProfileViewController.xib; sourceTree = "<group>"; };
		79CE1BB224F702C400787B24 /* ProfileTableViewCell.swift */ = {isa = PBXFileReference; lastKnownFileType = sourcecode.swift; path = ProfileTableViewCell.swift; sourceTree = "<group>"; };
		79CE1BB424F702E000787B24 /* ProfileTableViewCell.xib */ = {isa = PBXFileReference; lastKnownFileType = file.xib; path = ProfileTableViewCell.xib; sourceTree = "<group>"; };
		9296247040AE9903BFCA6382 /* Pods-MVVM Arc.debug.xcconfig */ = {isa = PBXFileReference; includeInIndex = 1; lastKnownFileType = text.xcconfig; name = "Pods-MVVM Arc.debug.xcconfig"; path = "Target Support Files/Pods-MVVM Arc/Pods-MVVM Arc.debug.xcconfig"; sourceTree = "<group>"; };
		AC3CEC903C6F51653CF07678 /* Pods-My First MVVM.debug.xcconfig */ = {isa = PBXFileReference; includeInIndex = 1; lastKnownFileType = text.xcconfig; name = "Pods-My First MVVM.debug.xcconfig"; path = "Target Support Files/Pods-My First MVVM/Pods-My First MVVM.debug.xcconfig"; sourceTree = "<group>"; };
/* End PBXFileReference section */

/* Begin PBXFrameworksBuildPhase section */
		7952F5DE24F6D3A00084BE21 /* Frameworks */ = {
			isa = PBXFrameworksBuildPhase;
			buildActionMask = 2147483647;
			files = (
				5EAC70DD4838BD725651BF2A /* Pods_MVVM_Arc.framework in Frameworks */,
			);
			runOnlyForDeploymentPostprocessing = 0;
		};
/* End PBXFrameworksBuildPhase section */

/* Begin PBXGroup section */
		15AD07C81AC60D2CB8A9031F /* Pods */ = {
			isa = PBXGroup;
			children = (
				AC3CEC903C6F51653CF07678 /* Pods-My First MVVM.debug.xcconfig */,
				3773CD0A67F79F8C5D35C9E3 /* Pods-My First MVVM.release.xcconfig */,
				9296247040AE9903BFCA6382 /* Pods-MVVM Arc.debug.xcconfig */,
				6EF2869B0AE12E3349CC6C51 /* Pods-MVVM Arc.release.xcconfig */,
			);
			path = Pods;
			sourceTree = "<group>";
		};
		79075C4F24F7B1ED002ECC98 /* Cell */ = {
			isa = PBXGroup;
			children = (
				798ED6F224F70806007CAC66 /* ProfileTableViewCellVM.swift */,
				79075C4D24F7B1DC002ECC98 /* ProfileTableViewCellVMProtocol.swift */,
			);
			path = Cell;
			sourceTree = "<group>";
		};
		7952F5D824F6D3A00084BE21 = {
			isa = PBXGroup;
			children = (
				7932792924F7D255003A0562 /* README.md */,
				7952F5E324F6D3A00084BE21 /* MVVM Arc */,
				7952F5E224F6D3A00084BE21 /* Products */,
				15AD07C81AC60D2CB8A9031F /* Pods */,
				E3E7ADA625604E2BD9BF9887 /* Frameworks */,
			);
			sourceTree = "<group>";
		};
		7952F5E224F6D3A00084BE21 /* Products */ = {
			isa = PBXGroup;
			children = (
				7952F5E124F6D3A00084BE21 /* MVVM Arc.app */,
			);
			name = Products;
			sourceTree = "<group>";
		};
		7952F5E324F6D3A00084BE21 /* MVVM Arc */ = {
			isa = PBXGroup;
			children = (
				7952F5E424F6D3A00084BE21 /* AppDelegate.swift */,
				7952F5F124F6D3A30084BE21 /* LaunchScreen.storyboard */,
				798ED6EC24F706E3007CAC66 /* Model */,
				79CE1BB124F7029200787B24 /* View */,
				798ED6EF24F7074F007CAC66 /* ViewModel */,
				7952F5F424F6D3A30084BE21 /* Info.plist */,
				7952F5EF24F6D3A30084BE21 /* Assets.xcassets */,
			);
			path = "MVVM Arc";
			sourceTree = "<group>";
		};
		798ED6EC24F706E3007CAC66 /* Model */ = {
			isa = PBXGroup;
			children = (
				798ED6ED24F706F6007CAC66 /* Profile.swift */,
			);
			path = Model;
			sourceTree = "<group>";
		};
		798ED6EF24F7074F007CAC66 /* ViewModel */ = {
			isa = PBXGroup;
			children = (
				798ED6F024F707F2007CAC66 /* ProfileViewVM.swift */,
				79075C4B24F7B1B2002ECC98 /* ProfileViewVMProtocol.swift */,
				79075C4F24F7B1ED002ECC98 /* Cell */,
			);
			path = ViewModel;
			sourceTree = "<group>";
		};
		79CE1BB124F7029200787B24 /* View */ = {
			isa = PBXGroup;
			children = (
				7952F5E824F6D3A00084BE21 /* ProfileViewController.swift */,
				79CE1BAF24F701F200787B24 /* ProfileViewController.xib */,
				79CE1BB624F7058B00787B24 /* Cell */,
			);
			path = View;
			sourceTree = "<group>";
		};
		79CE1BB624F7058B00787B24 /* Cell */ = {
			isa = PBXGroup;
			children = (
				79CE1BB224F702C400787B24 /* ProfileTableViewCell.swift */,
				79CE1BB424F702E000787B24 /* ProfileTableViewCell.xib */,
			);
			path = Cell;
			sourceTree = "<group>";
		};
		E3E7ADA625604E2BD9BF9887 /* Frameworks */ = {
			isa = PBXGroup;
			children = (
				09F0CC99D4570AF19C2D1B75 /* Pods_MVVM_Arc.framework */,
			);
			name = Frameworks;
			sourceTree = "<group>";
		};
/* End PBXGroup section */

/* Begin PBXNativeTarget section */
		7952F5E024F6D3A00084BE21 /* MVVM Arc */ = {
			isa = PBXNativeTarget;
			buildConfigurationList = 7952F5F724F6D3A30084BE21 /* Build configuration list for PBXNativeTarget "MVVM Arc" */;
			buildPhases = (
				59E8E8DD3F866307CB19EEE0 /* [CP] Check Pods Manifest.lock */,
				7952F5DD24F6D3A00084BE21 /* Sources */,
				7952F5DE24F6D3A00084BE21 /* Frameworks */,
				7952F5DF24F6D3A00084BE21 /* Resources */,
			);
			buildRules = (
			);
			dependencies = (
			);
			name = "MVVM Arc";
			productName = "My First MVVM";
			productReference = 7952F5E124F6D3A00084BE21 /* MVVM Arc.app */;
			productType = "com.apple.product-type.application";
		};
/* End PBXNativeTarget section */

/* Begin PBXProject section */
		7952F5D924F6D3A00084BE21 /* Project object */ = {
			isa = PBXProject;
			attributes = {
				LastSwiftUpdateCheck = 1200;
				LastUpgradeCheck = 1200;
				TargetAttributes = {
					7952F5E024F6D3A00084BE21 = {
						CreatedOnToolsVersion = 12.0;
					};
				};
			};
			buildConfigurationList = 7952F5DC24F6D3A00084BE21 /* Build configuration list for PBXProject "MVVM Arc" */;
			compatibilityVersion = "Xcode 9.3";
			developmentRegion = en;
			hasScannedForEncodings = 0;
			knownRegions = (
				en,
				Base,
			);
			mainGroup = 7952F5D824F6D3A00084BE21;
			productRefGroup = 7952F5E224F6D3A00084BE21 /* Products */;
			projectDirPath = "";
			projectRoot = "";
			targets = (
				7952F5E024F6D3A00084BE21 /* MVVM Arc */,
			);
		};
/* End PBXProject section */

/* Begin PBXResourcesBuildPhase section */
		7952F5DF24F6D3A00084BE21 /* Resources */ = {
			isa = PBXResourcesBuildPhase;
			buildActionMask = 2147483647;
			files = (
				7952F5F324F6D3A30084BE21 /* LaunchScreen.storyboard in Resources */,
				79CE1BB524F702E000787B24 /* ProfileTableViewCell.xib in Resources */,
				7952F5F024F6D3A30084BE21 /* Assets.xcassets in Resources */,
				79CE1BB024F701F200787B24 /* ProfileViewController.xib in Resources */,
			);
			runOnlyForDeploymentPostprocessing = 0;
		};
/* End PBXResourcesBuildPhase section */

/* Begin PBXShellScriptBuildPhase section */
		59E8E8DD3F866307CB19EEE0 /* [CP] Check Pods Manifest.lock */ = {
			isa = PBXShellScriptBuildPhase;
			buildActionMask = 2147483647;
			files = (
			);
			inputFileListPaths = (
			);
			inputPaths = (
				"${PODS_PODFILE_DIR_PATH}/Podfile.lock",
				"${PODS_ROOT}/Manifest.lock",
			);
			name = "[CP] Check Pods Manifest.lock";
			outputFileListPaths = (
			);
			outputPaths = (
				"$(DERIVED_FILE_DIR)/Pods-MVVM Arc-checkManifestLockResult.txt",
			);
			runOnlyForDeploymentPostprocessing = 0;
			shellPath = /bin/sh;
			shellScript = "diff \"${PODS_PODFILE_DIR_PATH}/Podfile.lock\" \"${PODS_ROOT}/Manifest.lock\" > /dev/null\nif [ $? != 0 ] ; then\n    # print error to STDERR\n    echo \"error: The sandbox is not in sync with the Podfile.lock. Run 'pod install' or update your CocoaPods installation.\" >&2\n    exit 1\nfi\n# This output is used by Xcode 'outputs' to avoid re-running this script phase.\necho \"SUCCESS\" > \"${SCRIPT_OUTPUT_FILE_0}\"\n";
			showEnvVarsInLog = 0;
		};
/* End PBXShellScriptBuildPhase section */

/* Begin PBXSourcesBuildPhase section */
		7952F5DD24F6D3A00084BE21 /* Sources */ = {
			isa = PBXSourcesBuildPhase;
			buildActionMask = 2147483647;
			files = (
				79075C4E24F7B1DC002ECC98 /* ProfileTableViewCellVMProtocol.swift in Sources */,
				79CE1BB324F702C400787B24 /* ProfileTableViewCell.swift in Sources */,
				798ED6F324F70806007CAC66 /* ProfileTableViewCellVM.swift in Sources */,
				798ED6EE24F706F6007CAC66 /* Profile.swift in Sources */,
				7952F5E924F6D3A00084BE21 /* ProfileViewController.swift in Sources */,
				7952F5E524F6D3A00084BE21 /* AppDelegate.swift in Sources */,
				79075C4C24F7B1B3002ECC98 /* ProfileViewVMProtocol.swift in Sources */,
				798ED6F124F707F2007CAC66 /* ProfileViewVM.swift in Sources */,
			);
			runOnlyForDeploymentPostprocessing = 0;
		};
/* End PBXSourcesBuildPhase section */

/* Begin PBXVariantGroup section */
		7952F5F124F6D3A30084BE21 /* LaunchScreen.storyboard */ = {
			isa = PBXVariantGroup;
			children = (
				7952F5F224F6D3A30084BE21 /* Base */,
			);
			name = LaunchScreen.storyboard;
			sourceTree = "<group>";
		};
/* End PBXVariantGroup section */

/* Begin XCBuildConfiguration section */
		7952F5F524F6D3A30084BE21 /* Debug */ = {
			isa = XCBuildConfiguration;
			buildSettings = {
				ALWAYS_SEARCH_USER_PATHS = NO;
				CLANG_ANALYZER_NONNULL = YES;
				CLANG_ANALYZER_NUMBER_OBJECT_CONVERSION = YES_AGGRESSIVE;
				CLANG_CXX_LANGUAGE_STANDARD = "gnu++14";
				CLANG_CXX_LIBRARY = "libc++";
				CLANG_ENABLE_MODULES = YES;
				CLANG_ENABLE_OBJC_ARC = YES;
				CLANG_ENABLE_OBJC_WEAK = YES;
				CLANG_WARN_BLOCK_CAPTURE_AUTORELEASING = YES;
				CLANG_WARN_BOOL_CONVERSION = YES;
				CLANG_WARN_COMMA = YES;
				CLANG_WARN_CONSTANT_CONVERSION = YES;
				CLANG_WARN_DEPRECATED_OBJC_IMPLEMENTATIONS = YES;
				CLANG_WARN_DIRECT_OBJC_ISA_USAGE = YES_ERROR;
				CLANG_WARN_DOCUMENTATION_COMMENTS = YES;
				CLANG_WARN_EMPTY_BODY = YES;
				CLANG_WARN_ENUM_CONVERSION = YES;
				CLANG_WARN_INFINITE_RECURSION = YES;
				CLANG_WARN_INT_CONVERSION = YES;
				CLANG_WARN_NON_LITERAL_NULL_CONVERSION = YES;
				CLANG_WARN_OBJC_IMPLICIT_RETAIN_SELF = YES;
				CLANG_WARN_OBJC_LITERAL_CONVERSION = YES;
				CLANG_WARN_OBJC_ROOT_CLASS = YES_ERROR;
				CLANG_WARN_QUOTED_INCLUDE_IN_FRAMEWORK_HEADER = YES;
				CLANG_WARN_RANGE_LOOP_ANALYSIS = YES;
				CLANG_WARN_STRICT_PROTOTYPES = YES;
				CLANG_WARN_SUSPICIOUS_MOVE = YES;
				CLANG_WARN_UNGUARDED_AVAILABILITY = YES_AGGRESSIVE;
				CLANG_WARN_UNREACHABLE_CODE = YES;
				CLANG_WARN__DUPLICATE_METHOD_MATCH = YES;
				COPY_PHASE_STRIP = NO;
				DEBUG_INFORMATION_FORMAT = dwarf;
				ENABLE_STRICT_OBJC_MSGSEND = YES;
				ENABLE_TESTABILITY = YES;
				GCC_C_LANGUAGE_STANDARD = gnu11;
				GCC_DYNAMIC_NO_PIC = NO;
				GCC_NO_COMMON_BLOCKS = YES;
				GCC_OPTIMIZATION_LEVEL = 0;
				GCC_PREPROCESSOR_DEFINITIONS = (
					"DEBUG=1",
					"$(inherited)",
				);
				GCC_WARN_64_TO_32_BIT_CONVERSION = YES;
				GCC_WARN_ABOUT_RETURN_TYPE = YES_ERROR;
				GCC_WARN_UNDECLARED_SELECTOR = YES;
				GCC_WARN_UNINITIALIZED_AUTOS = YES_AGGRESSIVE;
				GCC_WARN_UNUSED_FUNCTION = YES;
				GCC_WARN_UNUSED_VARIABLE = YES;
				IPHONEOS_DEPLOYMENT_TARGET = 14.0;
				MTL_ENABLE_DEBUG_INFO = INCLUDE_SOURCE;
				MTL_FAST_MATH = YES;
				ONLY_ACTIVE_ARCH = YES;
				SDKROOT = iphoneos;
				SWIFT_ACTIVE_COMPILATION_CONDITIONS = DEBUG;
				SWIFT_OPTIMIZATION_LEVEL = "-Onone";
			};
			name = Debug;
		};
		7952F5F624F6D3A30084BE21 /* Release */ = {
			isa = XCBuildConfiguration;
			buildSettings = {
				ALWAYS_SEARCH_USER_PATHS = NO;
				CLANG_ANALYZER_NONNULL = YES;
				CLANG_ANALYZER_NUMBER_OBJECT_CONVERSION = YES_AGGRESSIVE;
				CLANG_CXX_LANGUAGE_STANDARD = "gnu++14";
				CLANG_CXX_LIBRARY = "libc++";
				CLANG_ENABLE_MODULES = YES;
				CLANG_ENABLE_OBJC_ARC = YES;
				CLANG_ENABLE_OBJC_WEAK = YES;
				CLANG_WARN_BLOCK_CAPTURE_AUTORELEASING = YES;
				CLANG_WARN_BOOL_CONVERSION = YES;
				CLANG_WARN_COMMA = YES;
				CLANG_WARN_CONSTANT_CONVERSION = YES;
				CLANG_WARN_DEPRECATED_OBJC_IMPLEMENTATIONS = YES;
				CLANG_WARN_DIRECT_OBJC_ISA_USAGE = YES_ERROR;
				CLANG_WARN_DOCUMENTATION_COMMENTS = YES;
				CLANG_WARN_EMPTY_BODY = YES;
				CLANG_WARN_ENUM_CONVERSION = YES;
				CLANG_WARN_INFINITE_RECURSION = YES;
				CLANG_WARN_INT_CONVERSION = YES;
				CLANG_WARN_NON_LITERAL_NULL_CONVERSION = YES;
				CLANG_WARN_OBJC_IMPLICIT_RETAIN_SELF = YES;
				CLANG_WARN_OBJC_LITERAL_CONVERSION = YES;
				CLANG_WARN_OBJC_ROOT_CLASS = YES_ERROR;
				CLANG_WARN_QUOTED_INCLUDE_IN_FRAMEWORK_HEADER = YES;
				CLANG_WARN_RANGE_LOOP_ANALYSIS = YES;
				CLANG_WARN_STRICT_PROTOTYPES = YES;
				CLANG_WARN_SUSPICIOUS_MOVE = YES;
				CLANG_WARN_UNGUARDED_AVAILABILITY = YES_AGGRESSIVE;
				CLANG_WARN_UNREACHABLE_CODE = YES;
				CLANG_WARN__DUPLICATE_METHOD_MATCH = YES;
				COPY_PHASE_STRIP = NO;
				DEBUG_INFORMATION_FORMAT = "dwarf-with-dsym";
				ENABLE_NS_ASSERTIONS = NO;
				ENABLE_STRICT_OBJC_MSGSEND = YES;
				GCC_C_LANGUAGE_STANDARD = gnu11;
				GCC_NO_COMMON_BLOCKS = YES;
				GCC_WARN_64_TO_32_BIT_CONVERSION = YES;
				GCC_WARN_ABOUT_RETURN_TYPE = YES_ERROR;
				GCC_WARN_UNDECLARED_SELECTOR = YES;
				GCC_WARN_UNINITIALIZED_AUTOS = YES_AGGRESSIVE;
				GCC_WARN_UNUSED_FUNCTION = YES;
				GCC_WARN_UNUSED_VARIABLE = YES;
				IPHONEOS_DEPLOYMENT_TARGET = 14.0;
				MTL_ENABLE_DEBUG_INFO = NO;
				MTL_FAST_MATH = YES;
				SDKROOT = iphoneos;
				SWIFT_COMPILATION_MODE = wholemodule;
				SWIFT_OPTIMIZATION_LEVEL = "-O";
				VALIDATE_PRODUCT = YES;
			};
			name = Release;
		};
		7952F5F824F6D3A30084BE21 /* Debug */ = {
			isa = XCBuildConfiguration;
			baseConfigurationReference = 9296247040AE9903BFCA6382 /* Pods-MVVM Arc.debug.xcconfig */;
			buildSettings = {
				ASSETCATALOG_COMPILER_APPICON_NAME = AppIcon;
				ASSETCATALOG_COMPILER_GLOBAL_ACCENT_COLOR_NAME = AccentColor;
				CODE_SIGN_STYLE = Automatic;
				DEVELOPMENT_TEAM = 96Q9U9SZGB;
				INFOPLIST_FILE = "MVVM Arc/Info.plist";
				LD_RUNPATH_SEARCH_PATHS = (
					"$(inherited)",
					"@executable_path/Frameworks",
				);
				PRODUCT_BUNDLE_IDENTIFIER = "jw.MVVM-Arc";
				PRODUCT_NAME = "$(TARGET_NAME)";
				SWIFT_VERSION = 5.0;
				TARGETED_DEVICE_FAMILY = "1,2";
			};
			name = Debug;
		};
		7952F5F924F6D3A30084BE21 /* Release */ = {
			isa = XCBuildConfiguration;
			baseConfigurationReference = 6EF2869B0AE12E3349CC6C51 /* Pods-MVVM Arc.release.xcconfig */;
			buildSettings = {
				ASSETCATALOG_COMPILER_APPICON_NAME = AppIcon;
				ASSETCATALOG_COMPILER_GLOBAL_ACCENT_COLOR_NAME = AccentColor;
				CODE_SIGN_STYLE = Automatic;
				DEVELOPMENT_TEAM = 96Q9U9SZGB;
				INFOPLIST_FILE = "MVVM Arc/Info.plist";
				LD_RUNPATH_SEARCH_PATHS = (
					"$(inherited)",
					"@executable_path/Frameworks",
				);
				PRODUCT_BUNDLE_IDENTIFIER = "jw.MVVM-Arc";
				PRODUCT_NAME = "$(TARGET_NAME)";
				SWIFT_VERSION = 5.0;
				TARGETED_DEVICE_FAMILY = "1,2";
			};
			name = Release;
		};
/* End XCBuildConfiguration section */

/* Begin XCConfigurationList section */
		7952F5DC24F6D3A00084BE21 /* Build configuration list for PBXProject "MVVM Arc" */ = {
			isa = XCConfigurationList;
			buildConfigurations = (
				7952F5F524F6D3A30084BE21 /* Debug */,
				7952F5F624F6D3A30084BE21 /* Release */,
			);
			defaultConfigurationIsVisible = 0;
			defaultConfigurationName = Release;
		};
		7952F5F724F6D3A30084BE21 /* Build configuration list for PBXNativeTarget "MVVM Arc" */ = {
			isa = XCConfigurationList;
			buildConfigurations = (
				7952F5F824F6D3A30084BE21 /* Debug */,
				7952F5F924F6D3A30084BE21 /* Release */,
			);
			defaultConfigurationIsVisible = 0;
			defaultConfigurationName = Release;
		};
/* End XCConfigurationList section */
	};
	rootObject = 7952F5D924F6D3A00084BE21 /* Project object */;
}
